
Microsoft Visual Studio Solution File, Format Version 12.00
# Visual Studio Version 16
VisualStudioVersion = 16.0.30517.126
MinimumVisualStudioVersion = 15.0.26124.0
Project("{2150E333-8FDC-42A3-9474-1A3956D46DE8}") = "00-Shared", "00-Shared", "{16901E9C-B767-4333-B38A-4B8CA86204B1}"
EndProject
Project("{2150E333-8FDC-42A3-9474-1A3956D46DE8}") = "10-Web", "10-Web", "{F28FAF4B-9CF7-4267-9AE2-7AD4CE91E826}"
EndProject
Project("{2150E333-8FDC-42A3-9474-1A3956D46DE8}") = "20-Client", "20-Client", "{39812FDC-62C5-413F-A7A2-18B91596EB63}"
EndProject
Project("{2150E333-8FDC-42A3-9474-1A3956D46DE8}") = "30-Tests", "30-Tests", "{3778E427-F9C6-466E-8A3E-85FD6B6F5AD0}"
EndProject
Project("{9A19103F-16F7-4668-BE54-9A1E7A4F7556}") = "SharedData", "SharedData\SharedData.csproj", "{1AC2B3E3-8214-46BA-95E3-0E51E685645C}"
EndProject
Project("{9A19103F-16F7-4668-BE54-9A1E7A4F7556}") = "DAL", "DAL\DAL.csproj", "{D18E03FA-D28C-4587-9E2E-7DC7653F14BE}"
EndProject
Project("{9A19103F-16F7-4668-BE54-9A1E7A4F7556}") = "WebService", "WebService\WebService.csproj", "{B572AD89-C87A-4581-A25C-047F712CEA9C}"
EndProject
Project("{9A19103F-16F7-4668-BE54-9A1E7A4F7556}") = "ClientWPF", "ClientWPF\ClientWPF.csproj", "{6DCFD6FB-825E-476A-9786-C6A46DA7FD46}"
EndProject
Project("{9A19103F-16F7-4668-BE54-9A1E7A4F7556}") = "Models", "Models\Models.csproj", "{EA072162-492D-4654-B26E-841B254123F6}"
EndProject
Project("{9A19103F-16F7-4668-BE54-9A1E7A4F7556}") = "BLL", "BLL\BLL.csproj", "{187BE555-6BA9-47B7-BEFB-67A3BFC5CE2D}"
EndProject
Project("{9A19103F-16F7-4668-BE54-9A1E7A4F7556}") = "DTO", "DTO\DTO.csproj", "{3E6E236E-B5D9-4AA7-BAB1-C18C0C690932}"
EndProject
Global
	GlobalSection(SolutionConfigurationPlatforms) = preSolution
		Debug|Any CPU = Debug|Any CPU
		Debug|x64 = Debug|x64
		Debug|x86 = Debug|x86
		Deployment|Any CPU = Deployment|Any CPU
		Deployment|x64 = Deployment|x64
		Deployment|x86 = Deployment|x86
		Release|Any CPU = Release|Any CPU
		Release|x64 = Release|x64
		Release|x86 = Release|x86
	EndGlobalSection
	GlobalSection(ProjectConfigurationPlatforms) = postSolution
		{1AC2B3E3-8214-46BA-95E3-0E51E685645C}.Debug|Any CPU.ActiveCfg = Debug|Any CPU
		{1AC2B3E3-8214-46BA-95E3-0E51E685645C}.Debug|Any CPU.Build.0 = Debug|Any CPU
		{1AC2B3E3-8214-46BA-95E3-0E51E685645C}.Debug|x64.ActiveCfg = Debug|Any CPU
		{1AC2B3E3-8214-46BA-95E3-0E51E685645C}.Debug|x64.Build.0 = Debug|Any CPU
		{1AC2B3E3-8214-46BA-95E3-0E51E685645C}.Debug|x86.ActiveCfg = Debug|Any CPU
		{1AC2B3E3-8214-46BA-95E3-0E51E685645C}.Debug|x86.Build.0 = Debug|Any CPU
		{1AC2B3E3-8214-46BA-95E3-0E51E685645C}.Deployment|Any CPU.ActiveCfg = Debug|Any CPU
		{1AC2B3E3-8214-46BA-95E3-0E51E685645C}.Deployment|Any CPU.Build.0 = Debug|Any CPU
		{1AC2B3E3-8214-46BA-95E3-0E51E685645C}.Deployment|x64.ActiveCfg = Debug|Any CPU
		{1AC2B3E3-8214-46BA-95E3-0E51E685645C}.Deployment|x64.Build.0 = Debug|Any CPU
		{1AC2B3E3-8214-46BA-95E3-0E51E685645C}.Deployment|x86.ActiveCfg = Debug|Any CPU
		{1AC2B3E3-8214-46BA-95E3-0E51E685645C}.Deployment|x86.Build.0 = Debug|Any CPU
		{1AC2B3E3-8214-46BA-95E3-0E51E685645C}.Release|Any CPU.ActiveCfg = Release|Any CPU
		{1AC2B3E3-8214-46BA-95E3-0E51E685645C}.Release|Any CPU.Build.0 = Release|Any CPU
		{1AC2B3E3-8214-46BA-95E3-0E51E685645C}.Release|x64.ActiveCfg = Release|Any CPU
		{1AC2B3E3-8214-46BA-95E3-0E51E685645C}.Release|x64.Build.0 = Release|Any CPU
		{1AC2B3E3-8214-46BA-95E3-0E51E685645C}.Release|x86.ActiveCfg = Release|Any CPU
		{1AC2B3E3-8214-46BA-95E3-0E51E685645C}.Release|x86.Build.0 = Release|Any CPU
		{D18E03FA-D28C-4587-9E2E-7DC7653F14BE}.Debug|Any CPU.ActiveCfg = Debug|Any CPU
		{D18E03FA-D28C-4587-9E2E-7DC7653F14BE}.Debug|Any CPU.Build.0 = Debug|Any CPU
		{D18E03FA-D28C-4587-9E2E-7DC7653F14BE}.Debug|x64.ActiveCfg = Debug|Any CPU
		{D18E03FA-D28C-4587-9E2E-7DC7653F14BE}.Debug|x64.Build.0 = Debug|Any CPU
		{D18E03FA-D28C-4587-9E2E-7DC7653F14BE}.Debug|x86.ActiveCfg = Debug|Any CPU
		{D18E03FA-D28C-4587-9E2E-7DC7653F14BE}.Debug|x86.Build.0 = Debug|Any CPU
		{D18E03FA-D28C-4587-9E2E-7DC7653F14BE}.Deployment|Any CPU.ActiveCfg = Debug|Any CPU
		{D18E03FA-D28C-4587-9E2E-7DC7653F14BE}.Deployment|Any CPU.Build.0 = Debug|Any CPU
		{D18E03FA-D28C-4587-9E2E-7DC7653F14BE}.Deployment|x64.ActiveCfg = Debug|Any CPU
		{D18E03FA-D28C-4587-9E2E-7DC7653F14BE}.Deployment|x64.Build.0 = Debug|Any CPU
		{D18E03FA-D28C-4587-9E2E-7DC7653F14BE}.Deployment|x86.ActiveCfg = Debug|Any CPU
		{D18E03FA-D28C-4587-9E2E-7DC7653F14BE}.Deployment|x86.Build.0 = Debug|Any CPU
		{D18E03FA-D28C-4587-9E2E-7DC7653F14BE}.Release|Any CPU.ActiveCfg = Release|Any CPU
		{D18E03FA-D28C-4587-9E2E-7DC7653F14BE}.Release|x64.ActiveCfg = Release|Any CPU
		{D18E03FA-D28C-4587-9E2E-7DC7653F14BE}.Release|x64.Build.0 = Release|Any CPU
		{D18E03FA-D28C-4587-9E2E-7DC7653F14BE}.Release|x86.ActiveCfg = Release|Any CPU
		{D18E03FA-D28C-4587-9E2E-7DC7653F14BE}.Release|x86.Build.0 = Release|Any CPU
		{B572AD89-C87A-4581-A25C-047F712CEA9C}.Debug|Any CPU.ActiveCfg = Debug|Any CPU
		{B572AD89-C87A-4581-A25C-047F712CEA9C}.Debug|Any CPU.Build.0 = Debug|Any CPU
		{B572AD89-C87A-4581-A25C-047F712CEA9C}.Debug|x64.ActiveCfg = Debug|Any CPU
		{B572AD89-C87A-4581-A25C-047F712CEA9C}.Debug|x64.Build.0 = Debug|Any CPU
		{B572AD89-C87A-4581-A25C-047F712CEA9C}.Debug|x86.ActiveCfg = Debug|Any CPU
		{B572AD89-C87A-4581-A25C-047F712CEA9C}.Debug|x86.Build.0 = Debug|Any CPU
		{B572AD89-C87A-4581-A25C-047F712CEA9C}.Deployment|Any CPU.ActiveCfg = Debug|Any CPU
		{B572AD89-C87A-4581-A25C-047F712CEA9C}.Deployment|Any CPU.Build.0 = Debug|Any CPU
		{B572AD89-C87A-4581-A25C-047F712CEA9C}.Deployment|x64.ActiveCfg = Debug|Any CPU
		{B572AD89-C87A-4581-A25C-047F712CEA9C}.Deployment|x64.Build.0 = Debug|Any CPU
		{B572AD89-C87A-4581-A25C-047F712CEA9C}.Deployment|x86.ActiveCfg = Debug|Any CPU
		{B572AD89-C87A-4581-A25C-047F712CEA9C}.Deployment|x86.Build.0 = Debug|Any CPU
		{B572AD89-C87A-4581-A25C-047F712CEA9C}.Release|Any CPU.ActiveCfg = Release|Any CPU
		{B572AD89-C87A-4581-A25C-047F712CEA9C}.Release|Any CPU.Build.0 = Release|Any CPU
		{B572AD89-C87A-4581-A25C-047F712CEA9C}.Release|x64.ActiveCfg = Release|Any CPU
		{B572AD89-C87A-4581-A25C-047F712CEA9C}.Release|x64.Build.0 = Release|Any CPU
		{B572AD89-C87A-4581-A25C-047F712CEA9C}.Release|x86.ActiveCfg = Release|Any CPU
		{B572AD89-C87A-4581-A25C-047F712CEA9C}.Release|x86.Build.0 = Release|Any CPU
		{6DCFD6FB-825E-476A-9786-C6A46DA7FD46}.Debug|Any CPU.ActiveCfg = Debug|Any CPU
		{6DCFD6FB-825E-476A-9786-C6A46DA7FD46}.Debug|Any CPU.Build.0 = Debug|Any CPU
		{6DCFD6FB-825E-476A-9786-C6A46DA7FD46}.Debug|x64.ActiveCfg = Debug|Any CPU
		{6DCFD6FB-825E-476A-9786-C6A46DA7FD46}.Debug|x64.Build.0 = Debug|Any CPU
		{6DCFD6FB-825E-476A-9786-C6A46DA7FD46}.Debug|x86.ActiveCfg = Debug|Any CPU
		{6DCFD6FB-825E-476A-9786-C6A46DA7FD46}.Debug|x86.Build.0 = Debug|Any CPU
		{6DCFD6FB-825E-476A-9786-C6A46DA7FD46}.Deployment|Any CPU.ActiveCfg = Deployment|Any CPU
		{6DCFD6FB-825E-476A-9786-C6A46DA7FD46}.Deployment|Any CPU.Build.0 = Deployment|Any CPU
		{6DCFD6FB-825E-476A-9786-C6A46DA7FD46}.Deployment|x64.ActiveCfg = Deployment|Any CPU
		{6DCFD6FB-825E-476A-9786-C6A46DA7FD46}.Deployment|x64.Build.0 = Deployment|Any CPU
		{6DCFD6FB-825E-476A-9786-C6A46DA7FD46}.Deployment|x86.ActiveCfg = Deployment|Any CPU
		{6DCFD6FB-825E-476A-9786-C6A46DA7FD46}.Deployment|x86.Build.0 = Deployment|Any CPU
		{6DCFD6FB-825E-476A-9786-C6A46DA7FD46}.Release|Any CPU.ActiveCfg = Release|Any CPU
		{6DCFD6FB-825E-476A-9786-C6A46DA7FD46}.Release|Any CPU.Build.0 = Release|Any CPU
		{6DCFD6FB-825E-476A-9786-C6A46DA7FD46}.Release|x64.ActiveCfg = Release|Any CPU
		{6DCFD6FB-825E-476A-9786-C6A46DA7FD46}.Release|x64.Build.0 = Release|Any CPU
		{6DCFD6FB-825E-476A-9786-C6A46DA7FD46}.Release|x86.ActiveCfg = Release|Any CPU
		{6DCFD6FB-825E-476A-9786-C6A46DA7FD46}.Release|x86.Build.0 = Release|Any CPU
		{EA072162-492D-4654-B26E-841B254123F6}.Debug|Any CPU.ActiveCfg = Debug|Any CPU
		{EA072162-492D-4654-B26E-841B254123F6}.Debug|Any CPU.Build.0 = Debug|Any CPU
		{EA072162-492D-4654-B26E-841B254123F6}.Debug|x64.ActiveCfg = Debug|Any CPU
		{EA072162-492D-4654-B26E-841B254123F6}.Debug|x64.Build.0 = Debug|Any CPU
		{EA072162-492D-4654-B26E-841B254123F6}.Debug|x86.ActiveCfg = Debug|Any CPU
		{EA072162-492D-4654-B26E-841B254123F6}.Debug|x86.Build.0 = Debug|Any CPU
		{EA072162-492D-4654-B26E-841B254123F6}.Deployment|Any CPU.ActiveCfg = Debug|Any CPU
		{EA072162-492D-4654-B26E-841B254123F6}.Deployment|Any CPU.Build.0 = Debug|Any CPU
		{EA072162-492D-4654-B26E-841B254123F6}.Deployment|x64.ActiveCfg = Debug|Any CPU
		{EA072162-492D-4654-B26E-841B254123F6}.Deployment|x64.Build.0 = Debug|Any CPU
		{EA072162-492D-4654-B26E-841B254123F6}.Deployment|x86.ActiveCfg = Debug|Any CPU
		{EA072162-492D-4654-B26E-841B254123F6}.Deployment|x86.Build.0 = Debug|Any CPU
		{EA072162-492D-4654-B26E-841B254123F6}.Release|Any CPU.ActiveCfg = Release|Any CPU
		{EA072162-492D-4654-B26E-841B254123F6}.Release|x64.ActiveCfg = Release|Any CPU
		{EA072162-492D-4654-B26E-841B254123F6}.Release|x64.Build.0 = Release|Any CPU
		{EA072162-492D-4654-B26E-841B254123F6}.Release|x86.ActiveCfg = Release|Any CPU
		{EA072162-492D-4654-B26E-841B254123F6}.Release|x86.Build.0 = Release|Any CPU
		{187BE555-6BA9-47B7-BEFB-67A3BFC5CE2D}.Debug|Any CPU.ActiveCfg = Debug|Any CPU
		{187BE555-6BA9-47B7-BEFB-67A3BFC5CE2D}.Debug|Any CPU.Build.0 = Debug|Any CPU
		{187BE555-6BA9-47B7-BEFB-67A3BFC5CE2D}.Debug|x64.ActiveCfg = Debug|Any CPU
		{187BE555-6BA9-47B7-BEFB-67A3BFC5CE2D}.Debug|x64.Build.0 = Debug|Any CPU
		{187BE555-6BA9-47B7-BEFB-67A3BFC5CE2D}.Debug|x86.ActiveCfg = Debug|Any CPU
		{187BE555-6BA9-47B7-BEFB-67A3BFC5CE2D}.Debug|x86.Build.0 = Debug|Any CPU
		{187BE555-6BA9-47B7-BEFB-67A3BFC5CE2D}.Deployment|Any CPU.ActiveCfg = Debug|Any CPU
		{187BE555-6BA9-47B7-BEFB-67A3BFC5CE2D}.Deployment|Any CPU.Build.0 = Debug|Any CPU
		{187BE555-6BA9-47B7-BEFB-67A3BFC5CE2D}.Deployment|x64.ActiveCfg = Debug|Any CPU
		{187BE555-6BA9-47B7-BEFB-67A3BFC5CE2D}.Deployment|x64.Build.0 = Debug|Any CPU
		{187BE555-6BA9-47B7-BEFB-67A3BFC5CE2D}.Deployment|x86.ActiveCfg = Debug|Any CPU
		{187BE555-6BA9-47B7-BEFB-67A3BFC5CE2D}.Deployment|x86.Build.0 = Debug|Any CPU
		{187BE555-6BA9-47B7-BEFB-67A3BFC5CE2D}.Release|Any CPU.ActiveCfg = Debug|Any CPU
		{187BE555-6BA9-47B7-BEFB-67A3BFC5CE2D}.Release|x64.ActiveCfg = Debug|Any CPU
		{187BE555-6BA9-47B7-BEFB-67A3BFC5CE2D}.Release|x86.ActiveCfg = Debug|Any CPU
		{3E6E236E-B5D9-4AA7-BAB1-C18C0C690932}.Debug|Any CPU.ActiveCfg = Debug|Any CPU
		{3E6E236E-B5D9-4AA7-BAB1-C18C0C690932}.Debug|Any CPU.Build.0 = Debug|Any CPU
		{3E6E236E-B5D9-4AA7-BAB1-C18C0C690932}.Debug|x64.ActiveCfg = Debug|Any CPU
		{3E6E236E-B5D9-4AA7-BAB1-C18C0C690932}.Debug|x64.Build.0 = Debug|Any CPU
		{3E6E236E-B5D9-4AA7-BAB1-C18C0C690932}.Debug|x86.ActiveCfg = Debug|Any CPU
		{3E6E236E-B5D9-4AA7-BAB1-C18C0C690932}.Debug|x86.Build.0 = Debug|Any CPU
		{3E6E236E-B5D9-4AA7-BAB1-C18C0C690932}.Deployment|Any CPU.ActiveCfg = Debug|Any CPU
		{3E6E236E-B5D9-4AA7-BAB1-C18C0C690932}.Deployment|Any CPU.Build.0 = Debug|Any CPU
		{3E6E236E-B5D9-4AA7-BAB1-C18C0C690932}.Deployment|x64.ActiveCfg = Debug|Any CPU
		{3E6E236E-B5D9-4AA7-BAB1-C18C0C690932}.Deployment|x64.Build.0 = Debug|Any CPU
		{3E6E236E-B5D9-4AA7-BAB1-C18C0C690932}.Deployment|x86.ActiveCfg = Debug|Any CPU
		{3E6E236E-B5D9-4AA7-BAB1-C18C0C690932}.Deployment|x86.Build.0 = Debug|Any CPU
		{3E6E236E-B5D9-4AA7-BAB1-C18C0C690932}.Release|Any CPU.ActiveCfg = Release|Any CPU
		{3E6E236E-B5D9-4AA7-BAB1-C18C0C690932}.Release|Any CPU.Build.0 = Release|Any CPU
		{3E6E236E-B5D9-4AA7-BAB1-C18C0C690932}.Release|x64.ActiveCfg = Release|Any CPU
		{3E6E236E-B5D9-4AA7-BAB1-C18C0C690932}.Release|x64.Build.0 = Release|Any CPU
		{3E6E236E-B5D9-4AA7-BAB1-C18C0C690932}.Release|x86.ActiveCfg = Release|Any CPU
		{3E6E236E-B5D9-4AA7-BAB1-C18C0C690932}.Release|x86.Build.0 = Release|Any CPU
	EndGlobalSection
	GlobalSection(SolutionProperties) = preSolution
		HideSolutionNode = FALSE
	EndGlobalSection
	GlobalSection(NestedProjects) = preSolution
		{1AC2B3E3-8214-46BA-95E3-0E51E685645C} = {16901E9C-B767-4333-B38A-4B8CA86204B1}
		{D18E03FA-D28C-4587-9E2E-7DC7653F14BE} = {F28FAF4B-9CF7-4267-9AE2-7AD4CE91E826}
		{B572AD89-C87A-4581-A25C-047F712CEA9C} = {F28FAF4B-9CF7-4267-9AE2-7AD4CE91E826}
		{6DCFD6FB-825E-476A-9786-C6A46DA7FD46} = {39812FDC-62C5-413F-A7A2-18B91596EB63}
		{EA072162-492D-4654-B26E-841B254123F6} = {16901E9C-B767-4333-B38A-4B8CA86204B1}
		{187BE555-6BA9-47B7-BEFB-67A3BFC5CE2D} = {F28FAF4B-9CF7-4267-9AE2-7AD4CE91E826}
		{3E6E236E-B5D9-4AA7-BAB1-C18C0C690932} = {16901E9C-B767-4333-B38A-4B8CA86204B1}
	EndGlobalSection
	GlobalSection(ExtensibilityGlobals) = postSolution
		SolutionGuid = {B297A061-6C15-43FE-91B3-447F7D8CFAAB}
	EndGlobalSection
EndGlobal
